
Microsoft Visual Studio Solution File, Format Version 12.00
# Visual Studio 15
VisualStudioVersion = 15.0.27004.2002
MinimumVisualStudioVersion = 10.0.40219.1
Project("{FAE04EC0-301F-11D3-BF4B-00C04F79EFBC}") = "CodeRefactoring2", "CodeRefactoring2\CodeRefactoring2\CodeRefactoring2.csproj", "{22157746-D173-4247-8DA5-B4F20B909C38}"
EndProject
Project("{FAE04EC0-301F-11D3-BF4B-00C04F79EFBC}") = "CodeRefactoring2.Vsix", "CodeRefactoring2\CodeRefactoring2.Vsix\CodeRefactoring2.Vsix.csproj", "{EB6987C1-E0D8-452C-9FD2-CF25128B1DD2}"
EndProject
Project("{FAE04EC0-301F-11D3-BF4B-00C04F79EFBC}") = "CodeRefactoring2.Tests", "CodeRefactoring2.Tests\CodeRefactoring2.Tests.csproj", "{DBCAD071-0B6B-4661-9CB3-BF1332474BD6}"
EndProject
Global
	GlobalSection(SolutionConfigurationPlatforms) = preSolution
		Debug|Any CPU = Debug|Any CPU
		Release|Any CPU = Release|Any CPU
	EndGlobalSection
	GlobalSection(ProjectConfigurationPlatforms) = postSolution
		{22157746-D173-4247-8DA5-B4F20B909C38}.Debug|Any CPU.ActiveCfg = Debug|Any CPU
		{22157746-D173-4247-8DA5-B4F20B909C38}.Debug|Any CPU.Build.0 = Debug|Any CPU
		{22157746-D173-4247-8DA5-B4F20B909C38}.Release|Any CPU.ActiveCfg = Release|Any CPU
		{22157746-D173-4247-8DA5-B4F20B909C38}.Release|Any CPU.Build.0 = Release|Any CPU
		{EB6987C1-E0D8-452C-9FD2-CF25128B1DD2}.Debug|Any CPU.ActiveCfg = Debug|Any CPU
		{EB6987C1-E0D8-452C-9FD2-CF25128B1DD2}.Debug|Any CPU.Build.0 = Debug|Any CPU
		{EB6987C1-E0D8-452C-9FD2-CF25128B1DD2}.Release|Any CPU.ActiveCfg = Release|Any CPU
		{EB6987C1-E0D8-452C-9FD2-CF25128B1DD2}.Release|Any CPU.Build.0 = Release|Any CPU
		{DBCAD071-0B6B-4661-9CB3-BF1332474BD6}.Debug|Any CPU.ActiveCfg = Debug|Any CPU
		{DBCAD071-0B6B-4661-9CB3-BF1332474BD6}.Debug|Any CPU.Build.0 = Debug|Any CPU
		{DBCAD071-0B6B-4661-9CB3-BF1332474BD6}.Release|Any CPU.ActiveCfg = Release|Any CPU
		{DBCAD071-0B6B-4661-9CB3-BF1332474BD6}.Release|Any CPU.Build.0 = Release|Any CPU
	EndGlobalSection
	GlobalSection(SolutionProperties) = preSolution
		HideSolutionNode = FALSE
	EndGlobalSection
	GlobalSection(ExtensibilityGlobals) = postSolution
		SolutionGuid = {B959BDD5-9B6D-4464-B99D-C30D3E891961}
	EndGlobalSection
EndGlobal
